// !$*UTF8*$!
{
	archiveVersion = 1;
	classes = {
	};
	objectVersion = 48;
	objects = {

/* Begin PBXBuildFile section */
		2E2841E32051467800A178FD /* Main.storyboard in Resources */ = {isa = PBXBuildFile; fileRef = 2E2841E22051467800A178FD /* Main.storyboard */; };
		2E2AB8B92052685400C27384 /* PrinterUpdateVC.m in Sources */ = {isa = PBXBuildFile; fileRef = 2E649E5C204F5EE20067F3D9 /* PrinterUpdateVC.m */; };
		2E2AB8BC2052F96000C27384 /* Printer.m in Sources */ = {isa = PBXBuildFile; fileRef = 2E2AB8BB2052F96000C27384 /* Printer.m */; };
		2E4B6629205115950029E9EE /* PrinterVC.m in Sources */ = {isa = PBXBuildFile; fileRef = 2E4B6628205115950029E9EE /* PrinterVC.m */; };
		2E649E26204F21E80067F3D9 /* AppDelegate.m in Sources */ = {isa = PBXBuildFile; fileRef = 2E649E25204F21E80067F3D9 /* AppDelegate.m */; };
		2E649E2E204F21E80067F3D9 /* Assets.xcassets in Resources */ = {isa = PBXBuildFile; fileRef = 2E649E2D204F21E80067F3D9 /* Assets.xcassets */; };
		2E649E31204F21E80067F3D9 /* LaunchScreen.storyboard in Resources */ = {isa = PBXBuildFile; fileRef = 2E649E2F204F21E80067F3D9 /* LaunchScreen.storyboard */; };
		2E649E34204F21E80067F3D9 /* main.m in Sources */ = {isa = PBXBuildFile; fileRef = 2E649E33204F21E80067F3D9 /* main.m */; };
		2E649E41204F4D1A0067F3D9 /* PrinterTableCell.m in Sources */ = {isa = PBXBuildFile; fileRef = 2E649E40204F4D1A0067F3D9 /* PrinterTableCell.m */; };
		2E649E44204F51A20067F3D9 /* TonerTableCell.m in Sources */ = {isa = PBXBuildFile; fileRef = 2E649E43204F51A20067F3D9 /* TonerTableCell.m */; };
		2E649E47204F54120067F3D9 /* VendorTableCell.m in Sources */ = {isa = PBXBuildFile; fileRef = 2E649E46204F54120067F3D9 /* VendorTableCell.m */; };
		2E649E4B204F57220067F3D9 /* TonerVC.m in Sources */ = {isa = PBXBuildFile; fileRef = 2E649E4A204F57220067F3D9 /* TonerVC.m */; };
		2E649E4E204F57450067F3D9 /* VendorVC.m in Sources */ = {isa = PBXBuildFile; fileRef = 2E649E4D204F57450067F3D9 /* VendorVC.m */; };
		2E649E51204F591C0067F3D9 /* Toner.m in Sources */ = {isa = PBXBuildFile; fileRef = 2E649E50204F591C0067F3D9 /* Toner.m */; };
		2E649E54204F59580067F3D9 /* Vendor.m in Sources */ = {isa = PBXBuildFile; fileRef = 2E649E53204F59580067F3D9 /* Vendor.m */; };
		2E649E57204F5DF80067F3D9 /* PrinterDetailVC.m in Sources */ = {isa = PBXBuildFile; fileRef = 2E649E56204F5DF80067F3D9 /* PrinterDetailVC.m */; };
		2E649E5A204F5E930067F3D9 /* PrinterAddVC.m in Sources */ = {isa = PBXBuildFile; fileRef = 2E649E59204F5E930067F3D9 /* PrinterAddVC.m */; };
		2E649E60204F691B0067F3D9 /* TonerDetailVC.m in Sources */ = {isa = PBXBuildFile; fileRef = 2E649E5F204F691B0067F3D9 /* TonerDetailVC.m */; };
		2E649E63204F6A300067F3D9 /* VendorDetailVC.m in Sources */ = {isa = PBXBuildFile; fileRef = 2E649E62204F6A300067F3D9 /* VendorDetailVC.m */; };
		2E649E66204F6EB40067F3D9 /* TonerAddVC.m in Sources */ = {isa = PBXBuildFile; fileRef = 2E649E65204F6EB40067F3D9 /* TonerAddVC.m */; };
		2E649E69204F6FF40067F3D9 /* TonerUpdateVC.m in Sources */ = {isa = PBXBuildFile; fileRef = 2E649E68204F6FF40067F3D9 /* TonerUpdateVC.m */; };
		2E649E6C204F73800067F3D9 /* VendorAddVC.m in Sources */ = {isa = PBXBuildFile; fileRef = 2E649E6B204F73800067F3D9 /* VendorAddVC.m */; };
		2E649E6F204F73920067F3D9 /* VendorUpdateVC.m in Sources */ = {isa = PBXBuildFile; fileRef = 2E649E6E204F73920067F3D9 /* VendorUpdateVC.m */; };
		2EF0F49D2055AD7600BDCD32 /* Database.m in Sources */ = {isa = PBXBuildFile; fileRef = 2EF0F49C2055AD7600BDCD32 /* Database.m */; };
		93FCD9BA8662243CBACD582C /* libPods-Prinventory-Objective.a in Frameworks */ = {isa = PBXBuildFile; fileRef = EC0586B7A0C380A0B7F076F5 /* libPods-Prinventory-Objective.a */; };
/* End PBXBuildFile section */

/* Begin PBXFileReference section */
		2E2841E22051467800A178FD /* Main.storyboard */ = {isa = PBXFileReference; fileEncoding = 4; lastKnownFileType = file.storyboard; path = Main.storyboard; sourceTree = "<group>"; };
		2E2AB8BA2052F96000C27384 /* Printer.h */ = {isa = PBXFileReference; lastKnownFileType = sourcecode.c.h; path = Printer.h; sourceTree = "<group>"; };
		2E2AB8BB2052F96000C27384 /* Printer.m */ = {isa = PBXFileReference; lastKnownFileType = sourcecode.c.objc; path = Printer.m; sourceTree = "<group>"; };
		2E4B6627205115950029E9EE /* PrinterVC.h */ = {isa = PBXFileReference; lastKnownFileType = sourcecode.c.h; path = PrinterVC.h; sourceTree = "<group>"; };
		2E4B6628205115950029E9EE /* PrinterVC.m */ = {isa = PBXFileReference; lastKnownFileType = sourcecode.c.objc; path = PrinterVC.m; sourceTree = "<group>"; };
		2E649E21204F21E80067F3D9 /* Prinventory-Objective.app */ = {isa = PBXFileReference; explicitFileType = wrapper.application; includeInIndex = 0; path = "Prinventory-Objective.app"; sourceTree = BUILT_PRODUCTS_DIR; };
		2E649E24204F21E80067F3D9 /* AppDelegate.h */ = {isa = PBXFileReference; lastKnownFileType = sourcecode.c.h; path = AppDelegate.h; sourceTree = "<group>"; };
		2E649E25204F21E80067F3D9 /* AppDelegate.m */ = {isa = PBXFileReference; lastKnownFileType = sourcecode.c.objc; path = AppDelegate.m; sourceTree = "<group>"; };
		2E649E2D204F21E80067F3D9 /* Assets.xcassets */ = {isa = PBXFileReference; lastKnownFileType = folder.assetcatalog; path = Assets.xcassets; sourceTree = "<group>"; };
		2E649E30204F21E80067F3D9 /* Base */ = {isa = PBXFileReference; lastKnownFileType = file.storyboard; name = Base; path = Base.lproj/LaunchScreen.storyboard; sourceTree = "<group>"; };
		2E649E32204F21E80067F3D9 /* Info.plist */ = {isa = PBXFileReference; lastKnownFileType = text.plist.xml; path = Info.plist; sourceTree = "<group>"; };
		2E649E33204F21E80067F3D9 /* main.m */ = {isa = PBXFileReference; lastKnownFileType = sourcecode.c.objc; path = main.m; sourceTree = "<group>"; };
		2E649E3F204F4D1A0067F3D9 /* PrinterTableCell.h */ = {isa = PBXFileReference; lastKnownFileType = sourcecode.c.h; path = PrinterTableCell.h; sourceTree = "<group>"; };
		2E649E40204F4D1A0067F3D9 /* PrinterTableCell.m */ = {isa = PBXFileReference; lastKnownFileType = sourcecode.c.objc; path = PrinterTableCell.m; sourceTree = "<group>"; };
		2E649E42204F51A20067F3D9 /* TonerTableCell.h */ = {isa = PBXFileReference; lastKnownFileType = sourcecode.c.h; path = TonerTableCell.h; sourceTree = "<group>"; };
		2E649E43204F51A20067F3D9 /* TonerTableCell.m */ = {isa = PBXFileReference; lastKnownFileType = sourcecode.c.objc; path = TonerTableCell.m; sourceTree = "<group>"; };
		2E649E45204F54120067F3D9 /* VendorTableCell.h */ = {isa = PBXFileReference; lastKnownFileType = sourcecode.c.h; path = VendorTableCell.h; sourceTree = "<group>"; };
		2E649E46204F54120067F3D9 /* VendorTableCell.m */ = {isa = PBXFileReference; lastKnownFileType = sourcecode.c.objc; path = VendorTableCell.m; sourceTree = "<group>"; };
		2E649E49204F57220067F3D9 /* TonerVC.h */ = {isa = PBXFileReference; lastKnownFileType = sourcecode.c.h; path = TonerVC.h; sourceTree = "<group>"; };
		2E649E4A204F57220067F3D9 /* TonerVC.m */ = {isa = PBXFileReference; lastKnownFileType = sourcecode.c.objc; path = TonerVC.m; sourceTree = "<group>"; };
		2E649E4C204F57450067F3D9 /* VendorVC.h */ = {isa = PBXFileReference; lastKnownFileType = sourcecode.c.h; path = VendorVC.h; sourceTree = "<group>"; };
		2E649E4D204F57450067F3D9 /* VendorVC.m */ = {isa = PBXFileReference; lastKnownFileType = sourcecode.c.objc; path = VendorVC.m; sourceTree = "<group>"; };
		2E649E4F204F591C0067F3D9 /* Toner.h */ = {isa = PBXFileReference; lastKnownFileType = sourcecode.c.h; path = Toner.h; sourceTree = "<group>"; };
		2E649E50204F591C0067F3D9 /* Toner.m */ = {isa = PBXFileReference; lastKnownFileType = sourcecode.c.objc; path = Toner.m; sourceTree = "<group>"; };
		2E649E52204F59580067F3D9 /* Vendor.h */ = {isa = PBXFileReference; lastKnownFileType = sourcecode.c.h; path = Vendor.h; sourceTree = "<group>"; };
		2E649E53204F59580067F3D9 /* Vendor.m */ = {isa = PBXFileReference; lastKnownFileType = sourcecode.c.objc; path = Vendor.m; sourceTree = "<group>"; };
		2E649E55204F5DF80067F3D9 /* PrinterDetailVC.h */ = {isa = PBXFileReference; lastKnownFileType = sourcecode.c.h; path = PrinterDetailVC.h; sourceTree = "<group>"; };
		2E649E56204F5DF80067F3D9 /* PrinterDetailVC.m */ = {isa = PBXFileReference; lastKnownFileType = sourcecode.c.objc; path = PrinterDetailVC.m; sourceTree = "<group>"; };
		2E649E58204F5E930067F3D9 /* PrinterAddVC.h */ = {isa = PBXFileReference; lastKnownFileType = sourcecode.c.h; path = PrinterAddVC.h; sourceTree = "<group>"; };
		2E649E59204F5E930067F3D9 /* PrinterAddVC.m */ = {isa = PBXFileReference; lastKnownFileType = sourcecode.c.objc; path = PrinterAddVC.m; sourceTree = "<group>"; };
		2E649E5B204F5EE20067F3D9 /* PrinterUpdateVC.h */ = {isa = PBXFileReference; lastKnownFileType = sourcecode.c.h; path = PrinterUpdateVC.h; sourceTree = "<group>"; };
		2E649E5C204F5EE20067F3D9 /* PrinterUpdateVC.m */ = {isa = PBXFileReference; lastKnownFileType = sourcecode.c.objc; path = PrinterUpdateVC.m; sourceTree = "<group>"; };
		2E649E5E204F691B0067F3D9 /* TonerDetailVC.h */ = {isa = PBXFileReference; lastKnownFileType = sourcecode.c.h; path = TonerDetailVC.h; sourceTree = "<group>"; };
		2E649E5F204F691B0067F3D9 /* TonerDetailVC.m */ = {isa = PBXFileReference; lastKnownFileType = sourcecode.c.objc; path = TonerDetailVC.m; sourceTree = "<group>"; };
		2E649E61204F6A300067F3D9 /* VendorDetailVC.h */ = {isa = PBXFileReference; lastKnownFileType = sourcecode.c.h; path = VendorDetailVC.h; sourceTree = "<group>"; };
		2E649E62204F6A300067F3D9 /* VendorDetailVC.m */ = {isa = PBXFileReference; lastKnownFileType = sourcecode.c.objc; path = VendorDetailVC.m; sourceTree = "<group>"; };
		2E649E64204F6EB40067F3D9 /* TonerAddVC.h */ = {isa = PBXFileReference; lastKnownFileType = sourcecode.c.h; path = TonerAddVC.h; sourceTree = "<group>"; };
		2E649E65204F6EB40067F3D9 /* TonerAddVC.m */ = {isa = PBXFileReference; lastKnownFileType = sourcecode.c.objc; path = TonerAddVC.m; sourceTree = "<group>"; };
		2E649E67204F6FF40067F3D9 /* TonerUpdateVC.h */ = {isa = PBXFileReference; lastKnownFileType = sourcecode.c.h; path = TonerUpdateVC.h; sourceTree = "<group>"; };
		2E649E68204F6FF40067F3D9 /* TonerUpdateVC.m */ = {isa = PBXFileReference; lastKnownFileType = sourcecode.c.objc; path = TonerUpdateVC.m; sourceTree = "<group>"; };
		2E649E6A204F73800067F3D9 /* VendorAddVC.h */ = {isa = PBXFileReference; lastKnownFileType = sourcecode.c.h; path = VendorAddVC.h; sourceTree = "<group>"; };
		2E649E6B204F73800067F3D9 /* VendorAddVC.m */ = {isa = PBXFileReference; lastKnownFileType = sourcecode.c.objc; path = VendorAddVC.m; sourceTree = "<group>"; };
		2E649E6D204F73920067F3D9 /* VendorUpdateVC.h */ = {isa = PBXFileReference; lastKnownFileType = sourcecode.c.h; path = VendorUpdateVC.h; sourceTree = "<group>"; };
		2E649E6E204F73920067F3D9 /* VendorUpdateVC.m */ = {isa = PBXFileReference; lastKnownFileType = sourcecode.c.objc; path = VendorUpdateVC.m; sourceTree = "<group>"; };
		2EF0F49B2055AD7600BDCD32 /* Database.h */ = {isa = PBXFileReference; lastKnownFileType = sourcecode.c.h; path = Database.h; sourceTree = "<group>"; };
		2EF0F49C2055AD7600BDCD32 /* Database.m */ = {isa = PBXFileReference; lastKnownFileType = sourcecode.c.objc; path = Database.m; sourceTree = "<group>"; };
		867C9B7720CE27163DF1D05B /* Pods-Prinventory-Objective.debug.xcconfig */ = {isa = PBXFileReference; includeInIndex = 1; lastKnownFileType = text.xcconfig; name = "Pods-Prinventory-Objective.debug.xcconfig"; path = "Pods/Target Support Files/Pods-Prinventory-Objective/Pods-Prinventory-Objective.debug.xcconfig"; sourceTree = "<group>"; };
		A98F0ECEBD335F89A01B9C75 /* Pods-Prinventory-Objective.release.xcconfig */ = {isa = PBXFileReference; includeInIndex = 1; lastKnownFileType = text.xcconfig; name = "Pods-Prinventory-Objective.release.xcconfig"; path = "Pods/Target Support Files/Pods-Prinventory-Objective/Pods-Prinventory-Objective.release.xcconfig"; sourceTree = "<group>"; };
		EC0586B7A0C380A0B7F076F5 /* libPods-Prinventory-Objective.a */ = {isa = PBXFileReference; explicitFileType = archive.ar; includeInIndex = 0; path = "libPods-Prinventory-Objective.a"; sourceTree = BUILT_PRODUCTS_DIR; };
/* End PBXFileReference section */

/* Begin PBXFrameworksBuildPhase section */
		2E649E1E204F21E70067F3D9 /* Frameworks */ = {
			isa = PBXFrameworksBuildPhase;
			buildActionMask = 2147483647;
			files = (
				93FCD9BA8662243CBACD582C /* libPods-Prinventory-Objective.a in Frameworks */,
			);
			runOnlyForDeploymentPostprocessing = 0;
		};
/* End PBXFrameworksBuildPhase section */

/* Begin PBXGroup section */
		2E649E18204F21E70067F3D9 = {
			isa = PBXGroup;
			children = (
				2E649E23204F21E80067F3D9 /* Prinventory-Objective */,
				2E649E22204F21E80067F3D9 /* Products */,
				F08087835E43826813F0DA48 /* Pods */,
				A6DA65278A04F1439CF0BE10 /* Frameworks */,
			);
			sourceTree = "<group>";
		};
		2E649E22204F21E80067F3D9 /* Products */ = {
			isa = PBXGroup;
			children = (
				2E649E21204F21E80067F3D9 /* Prinventory-Objective.app */,
			);
			name = Products;
			sourceTree = "<group>";
		};
		2E649E23204F21E80067F3D9 /* Prinventory-Objective */ = {
			isa = PBXGroup;
			children = (
				2EF0F49A2055AD5E00BDCD32 /* database */,
				2E649E3E204F4CE60067F3D9 /* views */,
				2E649E48204F56FF0067F3D9 /* controllers */,
				2E649E3A204F21FD0067F3D9 /* models */,
				2E649E24204F21E80067F3D9 /* AppDelegate.h */,
				2E2841E22051467800A178FD /* Main.storyboard */,
				2E649E25204F21E80067F3D9 /* AppDelegate.m */,
				2E649E2D204F21E80067F3D9 /* Assets.xcassets */,
				2E649E2F204F21E80067F3D9 /* LaunchScreen.storyboard */,
				2E649E32204F21E80067F3D9 /* Info.plist */,
				2E649E33204F21E80067F3D9 /* main.m */,
			);
			path = "Prinventory-Objective";
			sourceTree = "<group>";
		};
		2E649E3A204F21FD0067F3D9 /* models */ = {
			isa = PBXGroup;
			children = (
				2E649E4F204F591C0067F3D9 /* Toner.h */,
				2E649E50204F591C0067F3D9 /* Toner.m */,
				2E649E52204F59580067F3D9 /* Vendor.h */,
				2E649E53204F59580067F3D9 /* Vendor.m */,
				2E2AB8BA2052F96000C27384 /* Printer.h */,
				2E2AB8BB2052F96000C27384 /* Printer.m */,
			);
			path = models;
			sourceTree = "<group>";
		};
		2E649E3E204F4CE60067F3D9 /* views */ = {
			isa = PBXGroup;
			children = (
				2E649E3F204F4D1A0067F3D9 /* PrinterTableCell.h */,
				2E649E40204F4D1A0067F3D9 /* PrinterTableCell.m */,
				2E649E42204F51A20067F3D9 /* TonerTableCell.h */,
				2E649E43204F51A20067F3D9 /* TonerTableCell.m */,
				2E649E45204F54120067F3D9 /* VendorTableCell.h */,
				2E649E46204F54120067F3D9 /* VendorTableCell.m */,
			);
			path = views;
			sourceTree = "<group>";
		};
		2E649E48204F56FF0067F3D9 /* controllers */ = {
			isa = PBXGroup;
			children = (
				2E649E49204F57220067F3D9 /* TonerVC.h */,
				2E649E4A204F57220067F3D9 /* TonerVC.m */,
				2E649E4C204F57450067F3D9 /* VendorVC.h */,
				2E649E4D204F57450067F3D9 /* VendorVC.m */,
				2E649E55204F5DF80067F3D9 /* PrinterDetailVC.h */,
				2E649E56204F5DF80067F3D9 /* PrinterDetailVC.m */,
				2E649E58204F5E930067F3D9 /* PrinterAddVC.h */,
				2E649E59204F5E930067F3D9 /* PrinterAddVC.m */,
				2E649E5B204F5EE20067F3D9 /* PrinterUpdateVC.h */,
				2E649E5C204F5EE20067F3D9 /* PrinterUpdateVC.m */,
				2E649E5E204F691B0067F3D9 /* TonerDetailVC.h */,
				2E649E5F204F691B0067F3D9 /* TonerDetailVC.m */,
				2E649E61204F6A300067F3D9 /* VendorDetailVC.h */,
				2E649E62204F6A300067F3D9 /* VendorDetailVC.m */,
				2E649E64204F6EB40067F3D9 /* TonerAddVC.h */,
				2E649E65204F6EB40067F3D9 /* TonerAddVC.m */,
				2E649E67204F6FF40067F3D9 /* TonerUpdateVC.h */,
				2E649E68204F6FF40067F3D9 /* TonerUpdateVC.m */,
				2E649E6A204F73800067F3D9 /* VendorAddVC.h */,
				2E649E6B204F73800067F3D9 /* VendorAddVC.m */,
				2E649E6D204F73920067F3D9 /* VendorUpdateVC.h */,
				2E649E6E204F73920067F3D9 /* VendorUpdateVC.m */,
				2E4B6627205115950029E9EE /* PrinterVC.h */,
				2E4B6628205115950029E9EE /* PrinterVC.m */,
			);
			path = controllers;
			sourceTree = "<group>";
		};
		2EF0F49A2055AD5E00BDCD32 /* database */ = {
			isa = PBXGroup;
			children = (
				2EF0F49B2055AD7600BDCD32 /* Database.h */,
				2EF0F49C2055AD7600BDCD32 /* Database.m */,
			);
			path = database;
			sourceTree = "<group>";
		};
		A6DA65278A04F1439CF0BE10 /* Frameworks */ = {
			isa = PBXGroup;
			children = (
				EC0586B7A0C380A0B7F076F5 /* libPods-Prinventory-Objective.a */,
			);
			name = Frameworks;
			sourceTree = "<group>";
		};
		F08087835E43826813F0DA48 /* Pods */ = {
			isa = PBXGroup;
			children = (
				867C9B7720CE27163DF1D05B /* Pods-Prinventory-Objective.debug.xcconfig */,
				A98F0ECEBD335F89A01B9C75 /* Pods-Prinventory-Objective.release.xcconfig */,
			);
			name = Pods;
			sourceTree = "<group>";
		};
/* End PBXGroup section */

/* Begin PBXNativeTarget section */
		2E649E20204F21E70067F3D9 /* Prinventory-Objective */ = {
			isa = PBXNativeTarget;
			buildConfigurationList = 2E649E37204F21E80067F3D9 /* Build configuration list for PBXNativeTarget "Prinventory-Objective" */;
			buildPhases = (
				3E74536B5B0FC57D329AC16A /* [CP] Check Pods Manifest.lock */,
				2E649E1D204F21E70067F3D9 /* Sources */,
				2E649E1E204F21E70067F3D9 /* Frameworks */,
				2E649E1F204F21E70067F3D9 /* Resources */,
				1DCE7611F51CF0C99143E93F /* [CP] Embed Pods Frameworks */,
				6215321795DF05892512DF3B /* [CP] Copy Pods Resources */,
			);
			buildRules = (
			);
			dependencies = (
			);
			name = "Prinventory-Objective";
			productName = "Prinventory-Objective";
			productReference = 2E649E21204F21E80067F3D9 /* Prinventory-Objective.app */;
			productType = "com.apple.product-type.application";
		};
/* End PBXNativeTarget section */

/* Begin PBXProject section */
		2E649E19204F21E70067F3D9 /* Project object */ = {
			isa = PBXProject;
			attributes = {
				LastUpgradeCheck = 0920;
				ORGANIZATIONNAME = "Jovel Madrid";
				TargetAttributes = {
					2E649E20204F21E70067F3D9 = {
						CreatedOnToolsVersion = 9.2;
						ProvisioningStyle = Automatic;
					};
				};
			};
			buildConfigurationList = 2E649E1C204F21E70067F3D9 /* Build configuration list for PBXProject "Prinventory-Objective" */;
			compatibilityVersion = "Xcode 8.0";
			developmentRegion = en;
			hasScannedForEncodings = 0;
			knownRegions = (
				en,
				Base,
			);
			mainGroup = 2E649E18204F21E70067F3D9;
			productRefGroup = 2E649E22204F21E80067F3D9 /* Products */;
			projectDirPath = "";
			projectRoot = "";
			targets = (
				2E649E20204F21E70067F3D9 /* Prinventory-Objective */,
			);
		};
/* End PBXProject section */

/* Begin PBXResourcesBuildPhase section */
		2E649E1F204F21E70067F3D9 /* Resources */ = {
			isa = PBXResourcesBuildPhase;
			buildActionMask = 2147483647;
			files = (
				2E2841E32051467800A178FD /* Main.storyboard in Resources */,
				2E649E31204F21E80067F3D9 /* LaunchScreen.storyboard in Resources */,
				2E649E2E204F21E80067F3D9 /* Assets.xcassets in Resources */,
			);
			runOnlyForDeploymentPostprocessing = 0;
		};
/* End PBXResourcesBuildPhase section */

/* Begin PBXShellScriptBuildPhase section */
		1DCE7611F51CF0C99143E93F /* [CP] Embed Pods Frameworks */ = {
			isa = PBXShellScriptBuildPhase;
			buildActionMask = 2147483647;
			files = (
			);
			inputPaths = (
			);
			name = "[CP] Embed Pods Frameworks";
			outputPaths = (
			);
			runOnlyForDeploymentPostprocessing = 0;
			shellPath = /bin/sh;
			shellScript = "\"${SRCROOT}/Pods/Target Support Files/Pods-Prinventory-Objective/Pods-Prinventory-Objective-frameworks.sh\"\n";
			showEnvVarsInLog = 0;
		};
		3E74536B5B0FC57D329AC16A /* [CP] Check Pods Manifest.lock */ = {
			isa = PBXShellScriptBuildPhase;
			buildActionMask = 2147483647;
			files = (
			);
			inputPaths = (
				"${PODS_PODFILE_DIR_PATH}/Podfile.lock",
				"${PODS_ROOT}/Manifest.lock",
			);
			name = "[CP] Check Pods Manifest.lock";
			outputPaths = (
				"$(DERIVED_FILE_DIR)/Pods-Prinventory-Objective-checkManifestLockResult.txt",
			);
			runOnlyForDeploymentPostprocessing = 0;
			shellPath = /bin/sh;
			shellScript = "diff \"${PODS_PODFILE_DIR_PATH}/Podfile.lock\" \"${PODS_ROOT}/Manifest.lock\" > /dev/null\nif [ $? != 0 ] ; then\n    # print error to STDERR\n    echo \"error: The sandbox is not in sync with the Podfile.lock. Run 'pod install' or update your CocoaPods installation.\" >&2\n    exit 1\nfi\n# This output is used by Xcode 'outputs' to avoid re-running this script phase.\necho \"SUCCESS\" > \"${SCRIPT_OUTPUT_FILE_0}\"\n";
			showEnvVarsInLog = 0;
		};
		6215321795DF05892512DF3B /* [CP] Copy Pods Resources */ = {
			isa = PBXShellScriptBuildPhase;
			buildActionMask = 2147483647;
			files = (
			);
			inputPaths = (
			);
			name = "[CP] Copy Pods Resources";
			outputPaths = (
			);
			runOnlyForDeploymentPostprocessing = 0;
			shellPath = /bin/sh;
			shellScript = "\"${SRCROOT}/Pods/Target Support Files/Pods-Prinventory-Objective/Pods-Prinventory-Objective-resources.sh\"\n";
			showEnvVarsInLog = 0;
		};
/* End PBXShellScriptBuildPhase section */

/* Begin PBXSourcesBuildPhase section */
		2E649E1D204F21E70067F3D9 /* Sources */ = {
			isa = PBXSourcesBuildPhase;
			buildActionMask = 2147483647;
			files = (
				2E649E6F204F73920067F3D9 /* VendorUpdateVC.m in Sources */,
				2E649E6C204F73800067F3D9 /* VendorAddVC.m in Sources */,
				2E649E57204F5DF80067F3D9 /* PrinterDetailVC.m in Sources */,
				2E649E41204F4D1A0067F3D9 /* PrinterTableCell.m in Sources */,
				2E649E54204F59580067F3D9 /* Vendor.m in Sources */,
				2E649E4E204F57450067F3D9 /* VendorVC.m in Sources */,
				2E649E63204F6A300067F3D9 /* VendorDetailVC.m in Sources */,
				2E649E51204F591C0067F3D9 /* Toner.m in Sources */,
				2E649E5A204F5E930067F3D9 /* PrinterAddVC.m in Sources */,
				2E649E44204F51A20067F3D9 /* TonerTableCell.m in Sources */,
				2E649E34204F21E80067F3D9 /* main.m in Sources */,
				2E649E60204F691B0067F3D9 /* TonerDetailVC.m in Sources */,
				2E2AB8BC2052F96000C27384 /* Printer.m in Sources */,
				2E649E66204F6EB40067F3D9 /* TonerAddVC.m in Sources */,
				2E649E4B204F57220067F3D9 /* TonerVC.m in Sources */,
				2E649E47204F54120067F3D9 /* VendorTableCell.m in Sources */,
				2EF0F49D2055AD7600BDCD32 /* Database.m in Sources */,
				2E2AB8B92052685400C27384 /* PrinterUpdateVC.m in Sources */,
				2E649E69204F6FF40067F3D9 /* TonerUpdateVC.m in Sources */,
				2E4B6629205115950029E9EE /* PrinterVC.m in Sources */,
				2E649E26204F21E80067F3D9 /* AppDelegate.m in Sources */,
			);
			runOnlyForDeploymentPostprocessing = 0;
		};
/* End PBXSourcesBuildPhase section */

/* Begin PBXVariantGroup section */
		2E649E2F204F21E80067F3D9 /* LaunchScreen.storyboard */ = {
			isa = PBXVariantGroup;
			children = (
				2E649E30204F21E80067F3D9 /* Base */,
			);
			name = LaunchScreen.storyboard;
			sourceTree = "<group>";
		};
/* End PBXVariantGroup section */

/* Begin XCBuildConfiguration section */
		2E649E35204F21E80067F3D9 /* Debug */ = {
			isa = XCBuildConfiguration;
			buildSettings = {
				ALWAYS_SEARCH_USER_PATHS = NO;
				CLANG_ANALYZER_NONNULL = YES;
				CLANG_ANALYZER_NUMBER_OBJECT_CONVERSION = YES_AGGRESSIVE;
				CLANG_CXX_LANGUAGE_STANDARD = "gnu++14";
				CLANG_CXX_LIBRARY = "libc++";
				CLANG_ENABLE_MODULES = YES;
				CLANG_ENABLE_OBJC_ARC = YES;
				CLANG_WARN_BLOCK_CAPTURE_AUTORELEASING = YES;
				CLANG_WARN_BOOL_CONVERSION = YES;
				CLANG_WARN_COMMA = YES;
				CLANG_WARN_CONSTANT_CONVERSION = YES;
				CLANG_WARN_DIRECT_OBJC_ISA_USAGE = YES_ERROR;
				CLANG_WARN_DOCUMENTATION_COMMENTS = YES;
				CLANG_WARN_EMPTY_BODY = YES;
				CLANG_WARN_ENUM_CONVERSION = YES;
				CLANG_WARN_INFINITE_RECURSION = YES;
				CLANG_WARN_INT_CONVERSION = YES;
				CLANG_WARN_NON_LITERAL_NULL_CONVERSION = YES;
				CLANG_WARN_OBJC_LITERAL_CONVERSION = YES;
				CLANG_WARN_OBJC_ROOT_CLASS = YES_ERROR;
				CLANG_WARN_RANGE_LOOP_ANALYSIS = YES;
				CLANG_WARN_STRICT_PROTOTYPES = YES;
				CLANG_WARN_SUSPICIOUS_MOVE = YES;
				CLANG_WARN_UNGUARDED_AVAILABILITY = YES_AGGRESSIVE;
				CLANG_WARN_UNREACHABLE_CODE = YES;
				CLANG_WARN__DUPLICATE_METHOD_MATCH = YES;
				CODE_SIGN_IDENTITY = "iPhone Developer";
				COPY_PHASE_STRIP = NO;
				DEBUG_INFORMATION_FORMAT = dwarf;
				ENABLE_STRICT_OBJC_MSGSEND = YES;
				ENABLE_TESTABILITY = YES;
				GCC_C_LANGUAGE_STANDARD = gnu11;
				GCC_DYNAMIC_NO_PIC = NO;
				GCC_NO_COMMON_BLOCKS = YES;
				GCC_OPTIMIZATION_LEVEL = 0;
				GCC_PREPROCESSOR_DEFINITIONS = (
					"DEBUG=1",
					"$(inherited)",
				);
				GCC_WARN_64_TO_32_BIT_CONVERSION = YES;
				GCC_WARN_ABOUT_RETURN_TYPE = YES_ERROR;
				GCC_WARN_UNDECLARED_SELECTOR = YES;
				GCC_WARN_UNINITIALIZED_AUTOS = YES_AGGRESSIVE;
				GCC_WARN_UNUSED_FUNCTION = YES;
				GCC_WARN_UNUSED_VARIABLE = YES;
				IPHONEOS_DEPLOYMENT_TARGET = 11.2;
				MTL_ENABLE_DEBUG_INFO = YES;
				ONLY_ACTIVE_ARCH = YES;
				SDKROOT = iphoneos;
			};
			name = Debug;
		};
		2E649E36204F21E80067F3D9 /* Release */ = {
			isa = XCBuildConfiguration;
			buildSettings = {
				ALWAYS_SEARCH_USER_PATHS = NO;
				CLANG_ANALYZER_NONNULL = YES;
				CLANG_ANALYZER_NUMBER_OBJECT_CONVERSION = YES_AGGRESSIVE;
				CLANG_CXX_LANGUAGE_STANDARD = "gnu++14";
				CLANG_CXX_LIBRARY = "libc++";
				CLANG_ENABLE_MODULES = YES;
				CLANG_ENABLE_OBJC_ARC = YES;
				CLANG_WARN_BLOCK_CAPTURE_AUTORELEASING = YES;
				CLANG_WARN_BOOL_CONVERSION = YES;
				CLANG_WARN_COMMA = YES;
				CLANG_WARN_CONSTANT_CONVERSION = YES;
				CLANG_WARN_DIRECT_OBJC_ISA_USAGE = YES_ERROR;
				CLANG_WARN_DOCUMENTATION_COMMENTS = YES;
				CLANG_WARN_EMPTY_BODY = YES;
				CLANG_WARN_ENUM_CONVERSION = YES;
				CLANG_WARN_INFINITE_RECURSION = YES;
				CLANG_WARN_INT_CONVERSION = YES;
				CLANG_WARN_NON_LITERAL_NULL_CONVERSION = YES;
				CLANG_WARN_OBJC_LITERAL_CONVERSION = YES;
				CLANG_WARN_OBJC_ROOT_CLASS = YES_ERROR;
				CLANG_WARN_RANGE_LOOP_ANALYSIS = YES;
				CLANG_WARN_STRICT_PROTOTYPES = YES;
				CLANG_WARN_SUSPICIOUS_MOVE = YES;
				CLANG_WARN_UNGUARDED_AVAILABILITY = YES_AGGRESSIVE;
				CLANG_WARN_UNREACHABLE_CODE = YES;
				CLANG_WARN__DUPLICATE_METHOD_MATCH = YES;
				CODE_SIGN_IDENTITY = "iPhone Developer";
				COPY_PHASE_STRIP = NO;
				DEBUG_INFORMATION_FORMAT = "dwarf-with-dsym";
				ENABLE_NS_ASSERTIONS = NO;
				ENABLE_STRICT_OBJC_MSGSEND = YES;
				GCC_C_LANGUAGE_STANDARD = gnu11;
				GCC_NO_COMMON_BLOCKS = YES;
				GCC_WARN_64_TO_32_BIT_CONVERSION = YES;
				GCC_WARN_ABOUT_RETURN_TYPE = YES_ERROR;
				GCC_WARN_UNDECLARED_SELECTOR = YES;
				GCC_WARN_UNINITIALIZED_AUTOS = YES_AGGRESSIVE;
				GCC_WARN_UNUSED_FUNCTION = YES;
				GCC_WARN_UNUSED_VARIABLE = YES;
				IPHONEOS_DEPLOYMENT_TARGET = 11.2;
				MTL_ENABLE_DEBUG_INFO = NO;
				SDKROOT = iphoneos;
				VALIDATE_PRODUCT = YES;
			};
			name = Release;
		};
		2E649E38204F21E80067F3D9 /* Debug */ = {
			isa = XCBuildConfiguration;
			baseConfigurationReference = 867C9B7720CE27163DF1D05B /* Pods-Prinventory-Objective.debug.xcconfig */;
			buildSettings = {
				ASSETCATALOG_COMPILER_APPICON_NAME = AppIcon;
				CODE_SIGN_STYLE = Automatic;
				DEVELOPMENT_TEAM = 3VAHY424V2;
				INFOPLIST_FILE = "Prinventory-Objective/Info.plist";
				LD_RUNPATH_SEARCH_PATHS = "$(inherited) @executable_path/Frameworks";
				PRODUCT_BUNDLE_IDENTIFIER = "jovel.Prinventory-Objective";
				PRODUCT_NAME = "$(TARGET_NAME)";
				TARGETED_DEVICE_FAMILY = "1,2";
			};
			name = Debug;
		};
		2E649E39204F21E80067F3D9 /* Release */ = {
			isa = XCBuildConfiguration;
			baseConfigurationReference = A98F0ECEBD335F89A01B9C75 /* Pods-Prinventory-Objective.release.xcconfig */;
			buildSettings = {
				ASSETCATALOG_COMPILER_APPICON_NAME = AppIcon;
				CODE_SIGN_STYLE = Automatic;
				DEVELOPMENT_TEAM = 3VAHY424V2;
				INFOPLIST_FILE = "Prinventory-Objective/Info.plist";
				LD_RUNPATH_SEARCH_PATHS = "$(inherited) @executable_path/Frameworks";
				PRODUCT_BUNDLE_IDENTIFIER = "jovel.Prinventory-Objective";
				PRODUCT_NAME = "$(TARGET_NAME)";
				TARGETED_DEVICE_FAMILY = "1,2";
			};
			name = Release;
		};
/* End XCBuildConfiguration section */

/* Begin XCConfigurationList section */
		2E649E1C204F21E70067F3D9 /* Build configuration list for PBXProject "Prinventory-Objective" */ = {
			isa = XCConfigurationList;
			buildConfigurations = (
				2E649E35204F21E80067F3D9 /* Debug */,
				2E649E36204F21E80067F3D9 /* Release */,
			);
			defaultConfigurationIsVisible = 0;
			defaultConfigurationName = Release;
		};
		2E649E37204F21E80067F3D9 /* Build configuration list for PBXNativeTarget "Prinventory-Objective" */ = {
			isa = XCConfigurationList;
			buildConfigurations = (
				2E649E38204F21E80067F3D9 /* Debug */,
				2E649E39204F21E80067F3D9 /* Release */,
			);
			defaultConfigurationIsVisible = 0;
			defaultConfigurationName = Release;
		};
/* End XCConfigurationList section */
	};
	rootObject = 2E649E19204F21E70067F3D9 /* Project object */;
}
